
Microsoft Visual Studio Solution File, Format Version 12.00
# Visual Studio 15
VisualStudioVersion = 15.0.28307.102
MinimumVisualStudioVersion = 10.0.40219.1
Project("{9A19103F-16F7-4668-BE54-9A1E7A4F7556}") = "TaskSchedulerWorker", "TaskSchedulerWorker\TaskSchedulerWorker.csproj", "{8D14814C-B7B3-47F3-A1E1-E94890E0757C}"
EndProject
Project("{FAE04EC0-301F-11D3-BF4B-00C04F79EFBC}") = "TaskSchedulerController", "TaskSchedulerController\TaskSchedulerController.csproj", "{FAC6A1EB-61BB-4548-878F-9204F3E2325D}"
EndProject
Global
	GlobalSection(SolutionConfigurationPlatforms) = preSolution
		Debug|Any CPU = Debug|Any CPU
		Release|Any CPU = Release|Any CPU
	EndGlobalSection
	GlobalSection(ProjectConfigurationPlatforms) = postSolution
		{8D14814C-B7B3-47F3-A1E1-E94890E0757C}.Debug|Any CPU.ActiveCfg = Debug|Any CPU
		{8D14814C-B7B3-47F3-A1E1-E94890E0757C}.Debug|Any CPU.Build.0 = Debug|Any CPU
		{8D14814C-B7B3-47F3-A1E1-E94890E0757C}.Release|Any CPU.ActiveCfg = Release|Any CPU
		{8D14814C-B7B3-47F3-A1E1-E94890E0757C}.Release|Any CPU.Build.0 = Release|Any CPU
		{FAC6A1EB-61BB-4548-878F-9204F3E2325D}.Debug|Any CPU.ActiveCfg = Debug|Any CPU
		{FAC6A1EB-61BB-4548-878F-9204F3E2325D}.Debug|Any CPU.Build.0 = Debug|Any CPU
		{FAC6A1EB-61BB-4548-878F-9204F3E2325D}.Release|Any CPU.ActiveCfg = Release|Any CPU
		{FAC6A1EB-61BB-4548-878F-9204F3E2325D}.Release|Any CPU.Build.0 = Release|Any CPU
	EndGlobalSection
	GlobalSection(SolutionProperties) = preSolution
		HideSolutionNode = FALSE
	EndGlobalSection
	GlobalSection(ExtensibilityGlobals) = postSolution
		SolutionGuid = {43B102A2-F68E-4926-9EAA-6763FDDEF0B4}
	EndGlobalSection
EndGlobal
